// !$*UTF8*$!
{
	archiveVersion = 1;
	classes = {
	};
	objectVersion = 50;
	objects = {

/* Begin PBXBuildFile section */
		0D1F3C5520CFDEFB000EEB95 /* ArenaDemoAPI.framework in Frameworks */ = {isa = PBXBuildFile; fileRef = 0D1F3C5420CFDEFB000EEB95 /* ArenaDemoAPI.framework */; };
		0D1F3C5620CFDEFB000EEB95 /* ArenaDemoAPI.framework in Embed Frameworks */ = {isa = PBXBuildFile; fileRef = 0D1F3C5420CFDEFB000EEB95 /* ArenaDemoAPI.framework */; settings = {ATTRIBUTES = (CodeSignOnCopy, RemoveHeadersOnCopy, ); }; };
		0D1F3C5820CFDEFB000EEB95 /* CustomControl.framework in Frameworks */ = {isa = PBXBuildFile; fileRef = 0D1F3C5720CFDEFB000EEB95 /* CustomControl.framework */; };
		0D1F3C5920CFDEFB000EEB95 /* CustomControl.framework in Embed Frameworks */ = {isa = PBXBuildFile; fileRef = 0D1F3C5720CFDEFB000EEB95 /* CustomControl.framework */; settings = {ATTRIBUTES = (CodeSignOnCopy, RemoveHeadersOnCopy, ); }; };
		0D1F3C5B20D00B14000EEB95 /* PromiseKit.framework in Frameworks */ = {isa = PBXBuildFile; fileRef = 0D1F3C5A20D00B14000EEB95 /* PromiseKit.framework */; };
		0D1F3C5C20D00B14000EEB95 /* PromiseKit.framework in Embed Frameworks */ = {isa = PBXBuildFile; fileRef = 0D1F3C5A20D00B14000EEB95 /* PromiseKit.framework */; settings = {ATTRIBUTES = (CodeSignOnCopy, RemoveHeadersOnCopy, ); }; };
		0D1F3C8320D00BC7000EEB95 /* Assets.xcassets in Resources */ = {isa = PBXBuildFile; fileRef = 0D1F3C6020D00BC6000EEB95 /* Assets.xcassets */; };
		0D1F3C8420D00BC7000EEB95 /* LaunchScreen.storyboard in Resources */ = {isa = PBXBuildFile; fileRef = 0D1F3C6120D00BC6000EEB95 /* LaunchScreen.storyboard */; };
		0D1F3C8520D00BC7000EEB95 /* Main.storyboard in Resources */ = {isa = PBXBuildFile; fileRef = 0D1F3C6320D00BC6000EEB95 /* Main.storyboard */; };
		0D1F3C8620D00BC7000EEB95 /* ImageStore.swift in Sources */ = {isa = PBXBuildFile; fileRef = 0D1F3C6720D00BC6000EEB95 /* ImageStore.swift */; };
		0D1F3C8720D00BC7000EEB95 /* AppDelegate.swift in Sources */ = {isa = PBXBuildFile; fileRef = 0D1F3C6820D00BC6000EEB95 /* AppDelegate.swift */; };
		0D1F3C8820D00BC7000EEB95 /* CategoryVCtrl.swift in Sources */ = {isa = PBXBuildFile; fileRef = 0D1F3C6A20D00BC6000EEB95 /* CategoryVCtrl.swift */; };
		0D1F3C8920D00BC7000EEB95 /* TbvReviewCell.xib in Resources */ = {isa = PBXBuildFile; fileRef = 0D1F3C6C20D00BC6000EEB95 /* TbvReviewCell.xib */; };
		0D1F3C8A20D00BC7000EEB95 /* SlideVCtrl.xib in Resources */ = {isa = PBXBuildFile; fileRef = 0D1F3C6E20D00BC6000EEB95 /* SlideVCtrl.xib */; };
		0D1F3C8B20D00BC7000EEB95 /* SlideVCtrl.swift in Sources */ = {isa = PBXBuildFile; fileRef = 0D1F3C6F20D00BC6000EEB95 /* SlideVCtrl.swift */; };
		0D1F3C8C20D00BC7000EEB95 /* ProductDetailVCtrl.xib in Resources */ = {isa = PBXBuildFile; fileRef = 0D1F3C7020D00BC7000EEB95 /* ProductDetailVCtrl.xib */; };
		0D1F3C8D20D00BC7000EEB95 /* ProductDetailVCtrl.swift in Sources */ = {isa = PBXBuildFile; fileRef = 0D1F3C7120D00BC7000EEB95 /* ProductDetailVCtrl.swift */; };
		0D1F3C8E20D00BC7000EEB95 /* TbvReviewCell.swift in Sources */ = {isa = PBXBuildFile; fileRef = 0D1F3C7220D00BC7000EEB95 /* TbvReviewCell.swift */; };
		0D1F3C8F20D00BC7000EEB95 /* TbvCategoryCell.xib in Resources */ = {isa = PBXBuildFile; fileRef = 0D1F3C7320D00BC7000EEB95 /* TbvCategoryCell.xib */; };
		0D1F3C9020D00BC7000EEB95 /* ProductVCtrl.swift in Sources */ = {isa = PBXBuildFile; fileRef = 0D1F3C7520D00BC7000EEB95 /* ProductVCtrl.swift */; };
		0D1F3C9120D00BC7000EEB95 /* ProductVCtrl.xib in Resources */ = {isa = PBXBuildFile; fileRef = 0D1F3C7620D00BC7000EEB95 /* ProductVCtrl.xib */; };
		0D1F3C9220D00BC7000EEB95 /* ClvProductCell.swift in Sources */ = {isa = PBXBuildFile; fileRef = 0D1F3C7720D00BC7000EEB95 /* ClvProductCell.swift */; };
		0D1F3C9320D00BC7000EEB95 /* ClvProductCell.xib in Resources */ = {isa = PBXBuildFile; fileRef = 0D1F3C7820D00BC7000EEB95 /* ClvProductCell.xib */; };
		0D1F3C9420D00BC7000EEB95 /* CategoryVCtrl.xib in Resources */ = {isa = PBXBuildFile; fileRef = 0D1F3C7920D00BC7000EEB95 /* CategoryVCtrl.xib */; };
		0D1F3C9520D00BC7000EEB95 /* TbvCategoryCell.swift in Sources */ = {isa = PBXBuildFile; fileRef = 0D1F3C7A20D00BC7000EEB95 /* TbvCategoryCell.swift */; };
		0D1F3C9620D00BC7000EEB95 /* Info.plist in Resources */ = {isa = PBXBuildFile; fileRef = 0D1F3C7E20D00BC7000EEB95 /* Info.plist */; };
		0D1F3C9720D00BC7000EEB95 /* BaseVCtrl.swift in Sources */ = {isa = PBXBuildFile; fileRef = 0D1F3C8020D00BC7000EEB95 /* BaseVCtrl.swift */; };
		0D1F3C9820D00BC7000EEB95 /* Base.swift in Sources */ = {isa = PBXBuildFile; fileRef = 0D1F3C8120D00BC7000EEB95 /* Base.swift */; };
		0D1F3C9B20D00C25000EEB95 /* MainVCtrl.swift in Sources */ = {isa = PBXBuildFile; fileRef = 0D1F3C9920D00C25000EEB95 /* MainVCtrl.swift */; };
		0D1F3C9C20D00C25000EEB95 /* MainVCtrl.xib in Resources */ = {isa = PBXBuildFile; fileRef = 0D1F3C9A20D00C25000EEB95 /* MainVCtrl.xib */; };
		0D1F3CA420D00FF8000EEB95 /* PostVCtrl.swift in Sources */ = {isa = PBXBuildFile; fileRef = 0D1F3CA220D00FF8000EEB95 /* PostVCtrl.swift */; };
		0D1F3CA520D00FF8000EEB95 /* PostVCtrl.xib in Resources */ = {isa = PBXBuildFile; fileRef = 0D1F3CA320D00FF8000EEB95 /* PostVCtrl.xib */; };
		0D1F3CA820D01251000EEB95 /* TbvMenuCell.swift in Sources */ = {isa = PBXBuildFile; fileRef = 0D1F3CA620D01251000EEB95 /* TbvMenuCell.swift */; };
		0D1F3CA920D01251000EEB95 /* TbvMenuCell.xib in Resources */ = {isa = PBXBuildFile; fileRef = 0D1F3CA720D01251000EEB95 /* TbvMenuCell.xib */; };
		0D4AA9B720CE87F1006A0A2C /* OAuthSwift.framework in Frameworks */ = {isa = PBXBuildFile; fileRef = 0D4AA9B520CE87F1006A0A2C /* OAuthSwift.framework */; };
		0D4AA9B820CE87F1006A0A2C /* OAuthSwift.framework in Embed Frameworks */ = {isa = PBXBuildFile; fileRef = 0D4AA9B520CE87F1006A0A2C /* OAuthSwift.framework */; settings = {ATTRIBUTES = (CodeSignOnCopy, RemoveHeadersOnCopy, ); }; };
		0D4AA9B920CE87F1006A0A2C /* ServiceStack.framework in Frameworks */ = {isa = PBXBuildFile; fileRef = 0D4AA9B620CE87F1006A0A2C /* ServiceStack.framework */; };
		0D4AA9BA20CE87F1006A0A2C /* ServiceStack.framework in Embed Frameworks */ = {isa = PBXBuildFile; fileRef = 0D4AA9B620CE87F1006A0A2C /* ServiceStack.framework */; settings = {ATTRIBUTES = (CodeSignOnCopy, RemoveHeadersOnCopy, ); }; };
/* End PBXBuildFile section */

/* Begin PBXCopyFilesBuildPhase section */
		0D4AA9BB20CE87F1006A0A2C /* Embed Frameworks */ = {
			isa = PBXCopyFilesBuildPhase;
			buildActionMask = 2147483647;
			dstPath = "";
			dstSubfolderSpec = 10;
			files = (
				0D4AA9B820CE87F1006A0A2C /* OAuthSwift.framework in Embed Frameworks */,
				0D4AA9BA20CE87F1006A0A2C /* ServiceStack.framework in Embed Frameworks */,
				0D1F3C5C20D00B14000EEB95 /* PromiseKit.framework in Embed Frameworks */,
				0D1F3C5620CFDEFB000EEB95 /* ArenaDemoAPI.framework in Embed Frameworks */,
				0D1F3C5920CFDEFB000EEB95 /* CustomControl.framework in Embed Frameworks */,
			);
			name = "Embed Frameworks";
			runOnlyForDeploymentPostprocessing = 0;
		};
/* End PBXCopyFilesBuildPhase section */

/* Begin PBXFileReference section */
		0D1F3C5420CFDEFB000EEB95 /* ArenaDemoAPI.framework */ = {isa = PBXFileReference; explicitFileType = wrapper.framework; path = ArenaDemoAPI.framework; sourceTree = BUILT_PRODUCTS_DIR; };
		0D1F3C5720CFDEFB000EEB95 /* CustomControl.framework */ = {isa = PBXFileReference; explicitFileType = wrapper.framework; path = CustomControl.framework; sourceTree = BUILT_PRODUCTS_DIR; };
		0D1F3C5A20D00B14000EEB95 /* PromiseKit.framework */ = {isa = PBXFileReference; lastKnownFileType = wrapper.framework; name = PromiseKit.framework; path = ../ArenaDemoAPI/ArenaDemoAPI/Framework/PromiseKit.framework; sourceTree = "<group>"; };
		0D1F3C6020D00BC6000EEB95 /* Assets.xcassets */ = {isa = PBXFileReference; lastKnownFileType = folder.assetcatalog; path = Assets.xcassets; sourceTree = "<group>"; };
		0D1F3C6220D00BC6000EEB95 /* Base */ = {isa = PBXFileReference; lastKnownFileType = file.storyboard; name = Base; path = Base.lproj/LaunchScreen.storyboard; sourceTree = "<group>"; };
		0D1F3C6420D00BC6000EEB95 /* Base */ = {isa = PBXFileReference; lastKnownFileType = file.storyboard; name = Base; path = Base.lproj/Main.storyboard; sourceTree = "<group>"; };
		0D1F3C6720D00BC6000EEB95 /* ImageStore.swift */ = {isa = PBXFileReference; fileEncoding = 4; lastKnownFileType = sourcecode.swift; path = ImageStore.swift; sourceTree = "<group>"; };
		0D1F3C6820D00BC6000EEB95 /* AppDelegate.swift */ = {isa = PBXFileReference; fileEncoding = 4; lastKnownFileType = sourcecode.swift; path = AppDelegate.swift; sourceTree = "<group>"; };
		0D1F3C6A20D00BC6000EEB95 /* CategoryVCtrl.swift */ = {isa = PBXFileReference; fileEncoding = 4; lastKnownFileType = sourcecode.swift; path = CategoryVCtrl.swift; sourceTree = "<group>"; };
		0D1F3C6C20D00BC6000EEB95 /* TbvReviewCell.xib */ = {isa = PBXFileReference; fileEncoding = 4; lastKnownFileType = file.xib; path = TbvReviewCell.xib; sourceTree = "<group>"; };
		0D1F3C6E20D00BC6000EEB95 /* SlideVCtrl.xib */ = {isa = PBXFileReference; fileEncoding = 4; lastKnownFileType = file.xib; path = SlideVCtrl.xib; sourceTree = "<group>"; };
		0D1F3C6F20D00BC6000EEB95 /* SlideVCtrl.swift */ = {isa = PBXFileReference; fileEncoding = 4; lastKnownFileType = sourcecode.swift; path = SlideVCtrl.swift; sourceTree = "<group>"; };
		0D1F3C7020D00BC7000EEB95 /* ProductDetailVCtrl.xib */ = {isa = PBXFileReference; fileEncoding = 4; lastKnownFileType = file.xib; path = ProductDetailVCtrl.xib; sourceTree = "<group>"; };
		0D1F3C7120D00BC7000EEB95 /* ProductDetailVCtrl.swift */ = {isa = PBXFileReference; fileEncoding = 4; lastKnownFileType = sourcecode.swift; path = ProductDetailVCtrl.swift; sourceTree = "<group>"; };
		0D1F3C7220D00BC7000EEB95 /* TbvReviewCell.swift */ = {isa = PBXFileReference; fileEncoding = 4; lastKnownFileType = sourcecode.swift; path = TbvReviewCell.swift; sourceTree = "<group>"; };
		0D1F3C7320D00BC7000EEB95 /* TbvCategoryCell.xib */ = {isa = PBXFileReference; fileEncoding = 4; lastKnownFileType = file.xib; path = TbvCategoryCell.xib; sourceTree = "<group>"; };
		0D1F3C7520D00BC7000EEB95 /* ProductVCtrl.swift */ = {isa = PBXFileReference; fileEncoding = 4; lastKnownFileType = sourcecode.swift; path = ProductVCtrl.swift; sourceTree = "<group>"; };
		0D1F3C7620D00BC7000EEB95 /* ProductVCtrl.xib */ = {isa = PBXFileReference; fileEncoding = 4; lastKnownFileType = file.xib; path = ProductVCtrl.xib; sourceTree = "<group>"; };
		0D1F3C7720D00BC7000EEB95 /* ClvProductCell.swift */ = {isa = PBXFileReference; fileEncoding = 4; lastKnownFileType = sourcecode.swift; path = ClvProductCell.swift; sourceTree = "<group>"; };
		0D1F3C7820D00BC7000EEB95 /* ClvProductCell.xib */ = {isa = PBXFileReference; fileEncoding = 4; lastKnownFileType = file.xib; path = ClvProductCell.xib; sourceTree = "<group>"; };
		0D1F3C7920D00BC7000EEB95 /* CategoryVCtrl.xib */ = {isa = PBXFileReference; fileEncoding = 4; lastKnownFileType = file.xib; path = CategoryVCtrl.xib; sourceTree = "<group>"; };
		0D1F3C7A20D00BC7000EEB95 /* TbvCategoryCell.swift */ = {isa = PBXFileReference; fileEncoding = 4; lastKnownFileType = sourcecode.swift; path = TbvCategoryCell.swift; sourceTree = "<group>"; };
		0D1F3C7E20D00BC7000EEB95 /* Info.plist */ = {isa = PBXFileReference; fileEncoding = 4; lastKnownFileType = text.plist.xml; path = Info.plist; sourceTree = "<group>"; };
		0D1F3C8020D00BC7000EEB95 /* BaseVCtrl.swift */ = {isa = PBXFileReference; fileEncoding = 4; lastKnownFileType = sourcecode.swift; path = BaseVCtrl.swift; sourceTree = "<group>"; };
		0D1F3C8120D00BC7000EEB95 /* Base.swift */ = {isa = PBXFileReference; fileEncoding = 4; lastKnownFileType = sourcecode.swift; path = Base.swift; sourceTree = "<group>"; };
		0D1F3C9920D00C25000EEB95 /* MainVCtrl.swift */ = {isa = PBXFileReference; lastKnownFileType = sourcecode.swift; path = MainVCtrl.swift; sourceTree = "<group>"; };
		0D1F3C9A20D00C25000EEB95 /* MainVCtrl.xib */ = {isa = PBXFileReference; lastKnownFileType = file.xib; path = MainVCtrl.xib; sourceTree = "<group>"; };
		0D1F3CA220D00FF8000EEB95 /* PostVCtrl.swift */ = {isa = PBXFileReference; lastKnownFileType = sourcecode.swift; path = PostVCtrl.swift; sourceTree = "<group>"; };
		0D1F3CA320D00FF8000EEB95 /* PostVCtrl.xib */ = {isa = PBXFileReference; lastKnownFileType = file.xib; path = PostVCtrl.xib; sourceTree = "<group>"; };
		0D1F3CA620D01251000EEB95 /* TbvMenuCell.swift */ = {isa = PBXFileReference; lastKnownFileType = sourcecode.swift; path = TbvMenuCell.swift; sourceTree = "<group>"; };
		0D1F3CA720D01251000EEB95 /* TbvMenuCell.xib */ = {isa = PBXFileReference; lastKnownFileType = file.xib; path = TbvMenuCell.xib; sourceTree = "<group>"; };
		0D2C57D920CA232B00F78A5B /* ArenaDemo.app */ = {isa = PBXFileReference; explicitFileType = wrapper.application; includeInIndex = 0; path = ArenaDemo.app; sourceTree = BUILT_PRODUCTS_DIR; };
		0D4AA9B520CE87F1006A0A2C /* OAuthSwift.framework */ = {isa = PBXFileReference; lastKnownFileType = wrapper.framework; name = OAuthSwift.framework; path = ../ArenaDemoAPI/ArenaDemoAPI/Framework/OAuthSwift.framework; sourceTree = "<group>"; };
		0D4AA9B620CE87F1006A0A2C /* ServiceStack.framework */ = {isa = PBXFileReference; lastKnownFileType = wrapper.framework; name = ServiceStack.framework; path = ../ArenaDemoAPI/ArenaDemoAPI/Framework/ServiceStack.framework; sourceTree = "<group>"; };
/* End PBXFileReference section */

/* Begin PBXFrameworksBuildPhase section */
		0D2C57D620CA232B00F78A5B /* Frameworks */ = {
			isa = PBXFrameworksBuildPhase;
			buildActionMask = 2147483647;
			files = (
				0D4AA9B720CE87F1006A0A2C /* OAuthSwift.framework in Frameworks */,
				0D4AA9B920CE87F1006A0A2C /* ServiceStack.framework in Frameworks */,
				0D1F3C5B20D00B14000EEB95 /* PromiseKit.framework in Frameworks */,
				0D1F3C5520CFDEFB000EEB95 /* ArenaDemoAPI.framework in Frameworks */,
				0D1F3C5820CFDEFB000EEB95 /* CustomControl.framework in Frameworks */,
			);
			runOnlyForDeploymentPostprocessing = 0;
		};
/* End PBXFrameworksBuildPhase section */

/* Begin PBXGroup section */
		0D1F3C5D20D00BC6000EEB95 /* ArenaDemo */ = {
			isa = PBXGroup;
			children = (
				0D1F3C5F20D00BC6000EEB95 /* Framework */,
				0D1F3C6020D00BC6000EEB95 /* Assets.xcassets */,
				0D1F3C6120D00BC6000EEB95 /* LaunchScreen.storyboard */,
				0D1F3C6320D00BC6000EEB95 /* Main.storyboard */,
				0D1F3C6520D00BC6000EEB95 /* Ultities */,
				0D1F3C6820D00BC6000EEB95 /* AppDelegate.swift */,
				0D1F3C6920D00BC6000EEB95 /* Main */,
				0D1F3C7B20D00BC7000EEB95 /* Controllers */,
				0D1F3C7E20D00BC7000EEB95 /* Info.plist */,
				0D1F3C7F20D00BC7000EEB95 /* Base */,
			);
			path = ArenaDemo;
			sourceTree = "<group>";
		};
		0D1F3C5F20D00BC6000EEB95 /* Framework */ = {
			isa = PBXGroup;
			children = (
			);
			path = Framework;
			sourceTree = "<group>";
		};
		0D1F3C6520D00BC6000EEB95 /* Ultities */ = {
			isa = PBXGroup;
			children = (
				0D1F3C6620D00BC6000EEB95 /* ImageStore */,
			);
			path = Ultities;
			sourceTree = "<group>";
		};
		0D1F3C6620D00BC6000EEB95 /* ImageStore */ = {
			isa = PBXGroup;
			children = (
				0D1F3C6720D00BC6000EEB95 /* ImageStore.swift */,
			);
			path = ImageStore;
			sourceTree = "<group>";
		};
		0D1F3C6920D00BC6000EEB95 /* Main */ = {
			isa = PBXGroup;
			children = (
				0D1F3C9920D00C25000EEB95 /* MainVCtrl.swift */,
				0D1F3C9A20D00C25000EEB95 /* MainVCtrl.xib */,
				0D1F3CA620D01251000EEB95 /* TbvMenuCell.swift */,
				0D1F3CA720D01251000EEB95 /* TbvMenuCell.xib */,
			);
			path = Main;
			sourceTree = "<group>";
		};
		0D1F3C6B20D00BC6000EEB95 /* ProductDetail */ = {
			isa = PBXGroup;
			children = (
				0D1F3C7120D00BC7000EEB95 /* ProductDetailVCtrl.swift */,
				0D1F3C7020D00BC7000EEB95 /* ProductDetailVCtrl.xib */,
				0D1F3C6D20D00BC6000EEB95 /* Slide */,
				0D1F3C7220D00BC7000EEB95 /* TbvReviewCell.swift */,
				0D1F3C6C20D00BC6000EEB95 /* TbvReviewCell.xib */,
			);
			path = ProductDetail;
			sourceTree = "<group>";
		};
		0D1F3C6D20D00BC6000EEB95 /* Slide */ = {
			isa = PBXGroup;
			children = (
				0D1F3C6E20D00BC6000EEB95 /* SlideVCtrl.xib */,
				0D1F3C6F20D00BC6000EEB95 /* SlideVCtrl.swift */,
			);
			path = Slide;
			sourceTree = "<group>";
		};
		0D1F3C7420D00BC7000EEB95 /* Product */ = {
			isa = PBXGroup;
			children = (
				0D1F3C7520D00BC7000EEB95 /* ProductVCtrl.swift */,
				0D1F3C7620D00BC7000EEB95 /* ProductVCtrl.xib */,
				0D1F3C7720D00BC7000EEB95 /* ClvProductCell.swift */,
				0D1F3C7820D00BC7000EEB95 /* ClvProductCell.xib */,
			);
			path = Product;
			sourceTree = "<group>";
		};
		0D1F3C7B20D00BC7000EEB95 /* Controllers */ = {
			isa = PBXGroup;
			children = (
				0D1F3C7C20D00BC7000EEB95 /* Post */,
				0D1F3C7D20D00BC7000EEB95 /* Product */,
			);
			path = Controllers;
			sourceTree = "<group>";
		};
		0D1F3C7C20D00BC7000EEB95 /* Post */ = {
			isa = PBXGroup;
			children = (
				0D1F3CA220D00FF8000EEB95 /* PostVCtrl.swift */,
				0D1F3CA320D00FF8000EEB95 /* PostVCtrl.xib */,
			);
			path = Post;
			sourceTree = "<group>";
		};
		0D1F3C7D20D00BC7000EEB95 /* Product */ = {
			isa = PBXGroup;
			children = (
				0D1F3C6A20D00BC6000EEB95 /* CategoryVCtrl.swift */,
				0D1F3C7920D00BC7000EEB95 /* CategoryVCtrl.xib */,
				0D1F3C7420D00BC7000EEB95 /* Product */,
				0D1F3C6B20D00BC6000EEB95 /* ProductDetail */,
				0D1F3C7A20D00BC7000EEB95 /* TbvCategoryCell.swift */,
				0D1F3C7320D00BC7000EEB95 /* TbvCategoryCell.xib */,
			);
			path = Product;
			sourceTree = "<group>";
		};
		0D1F3C7F20D00BC7000EEB95 /* Base */ = {
			isa = PBXGroup;
			children = (
				0D1F3C8020D00BC7000EEB95 /* BaseVCtrl.swift */,
				0D1F3C8120D00BC7000EEB95 /* Base.swift */,
			);
			path = Base;
			sourceTree = "<group>";
		};
		0D2C57D020CA232B00F78A5B = {
			isa = PBXGroup;
			children = (
				0D1F3C5D20D00BC6000EEB95 /* ArenaDemo */,
				0D1F3C5A20D00B14000EEB95 /* PromiseKit.framework */,
				0D1F3C5720CFDEFB000EEB95 /* CustomControl.framework */,
				0D1F3C5420CFDEFB000EEB95 /* ArenaDemoAPI.framework */,
				0D4AA9B520CE87F1006A0A2C /* OAuthSwift.framework */,
				0D4AA9B620CE87F1006A0A2C /* ServiceStack.framework */,
				0D2C57DA20CA232B00F78A5B /* Products */,
			);
			sourceTree = "<group>";
		};
		0D2C57DA20CA232B00F78A5B /* Products */ = {
			isa = PBXGroup;
			children = (
				0D2C57D920CA232B00F78A5B /* ArenaDemo.app */,
			);
			name = Products;
			sourceTree = "<group>";
		};
/* End PBXGroup section */

/* Begin PBXNativeTarget section */
		0D2C57D820CA232B00F78A5B /* ArenaDemo */ = {
			isa = PBXNativeTarget;
			buildConfigurationList = 0D2C57EB20CA232C00F78A5B /* Build configuration list for PBXNativeTarget "ArenaDemo" */;
			buildPhases = (
				0D2C57D520CA232B00F78A5B /* Sources */,
				0D2C57D620CA232B00F78A5B /* Frameworks */,
				0D2C57D720CA232B00F78A5B /* Resources */,
				0D4AA9BB20CE87F1006A0A2C /* Embed Frameworks */,
			);
			buildRules = (
			);
			dependencies = (
			);
			name = ArenaDemo;
			productName = ArenaDemo;
			productReference = 0D2C57D920CA232B00F78A5B /* ArenaDemo.app */;
			productType = "com.apple.product-type.application";
		};
/* End PBXNativeTarget section */

/* Begin PBXProject section */
		0D2C57D120CA232B00F78A5B /* Project object */ = {
			isa = PBXProject;
			attributes = {
				LastSwiftUpdateCheck = 0940;
				LastUpgradeCheck = 0940;
				ORGANIZATIONNAME = "Newstead Technologies VN";
				TargetAttributes = {
					0D2C57D820CA232B00F78A5B = {
						CreatedOnToolsVersion = 9.4;
					};
				};
			};
			buildConfigurationList = 0D2C57D420CA232B00F78A5B /* Build configuration list for PBXProject "ArenaDemo" */;
			compatibilityVersion = "Xcode 9.3";
			developmentRegion = en;
			hasScannedForEncodings = 0;
			knownRegions = (
				en,
				Base,
			);
			mainGroup = 0D2C57D020CA232B00F78A5B;
			productRefGroup = 0D2C57DA20CA232B00F78A5B /* Products */;
			projectDirPath = "";
			projectRoot = "";
			targets = (
				0D2C57D820CA232B00F78A5B /* ArenaDemo */,
			);
		};
/* End PBXProject section */

/* Begin PBXResourcesBuildPhase section */
		0D2C57D720CA232B00F78A5B /* Resources */ = {
			isa = PBXResourcesBuildPhase;
			buildActionMask = 2147483647;
			files = (
				0D1F3CA520D00FF8000EEB95 /* PostVCtrl.xib in Resources */,
				0D1F3C8C20D00BC7000EEB95 /* ProductDetailVCtrl.xib in Resources */,
				0D1F3C8F20D00BC7000EEB95 /* TbvCategoryCell.xib in Resources */,
				0D1F3C8920D00BC7000EEB95 /* TbvReviewCell.xib in Resources */,
				0D1F3C9320D00BC7000EEB95 /* ClvProductCell.xib in Resources */,
				0D1F3C9420D00BC7000EEB95 /* CategoryVCtrl.xib in Resources */,
				0D1F3C8A20D00BC7000EEB95 /* SlideVCtrl.xib in Resources */,
				0D1F3C8520D00BC7000EEB95 /* Main.storyboard in Resources */,
				0D1F3C9120D00BC7000EEB95 /* ProductVCtrl.xib in Resources */,
				0D1F3C9620D00BC7000EEB95 /* Info.plist in Resources */,
				0D1F3C8320D00BC7000EEB95 /* Assets.xcassets in Resources */,
				0D1F3CA920D01251000EEB95 /* TbvMenuCell.xib in Resources */,
				0D1F3C9C20D00C25000EEB95 /* MainVCtrl.xib in Resources */,
				0D1F3C8420D00BC7000EEB95 /* LaunchScreen.storyboard in Resources */,
			);
			runOnlyForDeploymentPostprocessing = 0;
		};
/* End PBXResourcesBuildPhase section */

/* Begin PBXSourcesBuildPhase section */
		0D2C57D520CA232B00F78A5B /* Sources */ = {
			isa = PBXSourcesBuildPhase;
			buildActionMask = 2147483647;
			files = (
				0D1F3C9B20D00C25000EEB95 /* MainVCtrl.swift in Sources */,
				0D1F3C9820D00BC7000EEB95 /* Base.swift in Sources */,
				0D1F3CA820D01251000EEB95 /* TbvMenuCell.swift in Sources */,
				0D1F3C9520D00BC7000EEB95 /* TbvCategoryCell.swift in Sources */,
				0D1F3C8720D00BC7000EEB95 /* AppDelegate.swift in Sources */,
				0D1F3C9020D00BC7000EEB95 /* ProductVCtrl.swift in Sources */,
				0D1F3CA420D00FF8000EEB95 /* PostVCtrl.swift in Sources */,
				0D1F3C9220D00BC7000EEB95 /* ClvProductCell.swift in Sources */,
				0D1F3C8820D00BC7000EEB95 /* CategoryVCtrl.swift in Sources */,
				0D1F3C8620D00BC7000EEB95 /* ImageStore.swift in Sources */,
				0D1F3C8D20D00BC7000EEB95 /* ProductDetailVCtrl.swift in Sources */,
				0D1F3C9720D00BC7000EEB95 /* BaseVCtrl.swift in Sources */,
				0D1F3C8E20D00BC7000EEB95 /* TbvReviewCell.swift in Sources */,
				0D1F3C8B20D00BC7000EEB95 /* SlideVCtrl.swift in Sources */,
			);
			runOnlyForDeploymentPostprocessing = 0;
		};
/* End PBXSourcesBuildPhase section */

/* Begin PBXVariantGroup section */
		0D1F3C6120D00BC6000EEB95 /* LaunchScreen.storyboard */ = {
			isa = PBXVariantGroup;
			children = (
				0D1F3C6220D00BC6000EEB95 /* Base */,
			);
			name = LaunchScreen.storyboard;
			sourceTree = "<group>";
		};
		0D1F3C6320D00BC6000EEB95 /* Main.storyboard */ = {
			isa = PBXVariantGroup;
			children = (
				0D1F3C6420D00BC6000EEB95 /* Base */,
			);
			name = Main.storyboard;
			sourceTree = "<group>";
		};
/* End PBXVariantGroup section */

/* Begin XCBuildConfiguration section */
		0D2C57E920CA232C00F78A5B /* Debug */ = {
			isa = XCBuildConfiguration;
			buildSettings = {
				ALWAYS_SEARCH_USER_PATHS = NO;
				CLANG_ANALYZER_NONNULL = YES;
				CLANG_ANALYZER_NUMBER_OBJECT_CONVERSION = YES_AGGRESSIVE;
				CLANG_CXX_LANGUAGE_STANDARD = "gnu++14";
				CLANG_CXX_LIBRARY = "libc++";
				CLANG_ENABLE_MODULES = YES;
				CLANG_ENABLE_OBJC_ARC = YES;
				CLANG_ENABLE_OBJC_WEAK = YES;
				CLANG_WARN_BLOCK_CAPTURE_AUTORELEASING = YES;
				CLANG_WARN_BOOL_CONVERSION = YES;
				CLANG_WARN_COMMA = YES;
				CLANG_WARN_CONSTANT_CONVERSION = YES;
				CLANG_WARN_DEPRECATED_OBJC_IMPLEMENTATIONS = YES;
				CLANG_WARN_DIRECT_OBJC_ISA_USAGE = YES_ERROR;
				CLANG_WARN_DOCUMENTATION_COMMENTS = YES;
				CLANG_WARN_EMPTY_BODY = YES;
				CLANG_WARN_ENUM_CONVERSION = YES;
				CLANG_WARN_INFINITE_RECURSION = YES;
				CLANG_WARN_INT_CONVERSION = YES;
				CLANG_WARN_NON_LITERAL_NULL_CONVERSION = YES;
				CLANG_WARN_OBJC_IMPLICIT_RETAIN_SELF = YES;
				CLANG_WARN_OBJC_LITERAL_CONVERSION = YES;
				CLANG_WARN_OBJC_ROOT_CLASS = YES_ERROR;
				CLANG_WARN_RANGE_LOOP_ANALYSIS = YES;
				CLANG_WARN_STRICT_PROTOTYPES = YES;
				CLANG_WARN_SUSPICIOUS_MOVE = YES;
				CLANG_WARN_UNGUARDED_AVAILABILITY = YES_AGGRESSIVE;
				CLANG_WARN_UNREACHABLE_CODE = YES;
				CLANG_WARN__DUPLICATE_METHOD_MATCH = YES;
				CODE_SIGN_IDENTITY = "iPhone Developer";
				COPY_PHASE_STRIP = NO;
				DEBUG_INFORMATION_FORMAT = dwarf;
				ENABLE_STRICT_OBJC_MSGSEND = YES;
				ENABLE_TESTABILITY = YES;
				GCC_C_LANGUAGE_STANDARD = gnu11;
				GCC_DYNAMIC_NO_PIC = NO;
				GCC_NO_COMMON_BLOCKS = YES;
				GCC_OPTIMIZATION_LEVEL = 0;
				GCC_PREPROCESSOR_DEFINITIONS = (
					"DEBUG=1",
					"$(inherited)",
				);
				GCC_WARN_64_TO_32_BIT_CONVERSION = YES;
				GCC_WARN_ABOUT_RETURN_TYPE = YES_ERROR;
				GCC_WARN_UNDECLARED_SELECTOR = YES;
				GCC_WARN_UNINITIALIZED_AUTOS = YES_AGGRESSIVE;
				GCC_WARN_UNUSED_FUNCTION = YES;
				GCC_WARN_UNUSED_VARIABLE = YES;
				IPHONEOS_DEPLOYMENT_TARGET = 11.4;
				MTL_ENABLE_DEBUG_INFO = YES;
				ONLY_ACTIVE_ARCH = YES;
				SDKROOT = iphoneos;
				SWIFT_ACTIVE_COMPILATION_CONDITIONS = DEBUG;
				SWIFT_OPTIMIZATION_LEVEL = "-Onone";
			};
			name = Debug;
		};
		0D2C57EA20CA232C00F78A5B /* Release */ = {
			isa = XCBuildConfiguration;
			buildSettings = {
				ALWAYS_SEARCH_USER_PATHS = NO;
				CLANG_ANALYZER_NONNULL = YES;
				CLANG_ANALYZER_NUMBER_OBJECT_CONVERSION = YES_AGGRESSIVE;
				CLANG_CXX_LANGUAGE_STANDARD = "gnu++14";
				CLANG_CXX_LIBRARY = "libc++";
				CLANG_ENABLE_MODULES = YES;
				CLANG_ENABLE_OBJC_ARC = YES;
				CLANG_ENABLE_OBJC_WEAK = YES;
				CLANG_WARN_BLOCK_CAPTURE_AUTORELEASING = YES;
				CLANG_WARN_BOOL_CONVERSION = YES;
				CLANG_WARN_COMMA = YES;
				CLANG_WARN_CONSTANT_CONVERSION = YES;
				CLANG_WARN_DEPRECATED_OBJC_IMPLEMENTATIONS = YES;
				CLANG_WARN_DIRECT_OBJC_ISA_USAGE = YES_ERROR;
				CLANG_WARN_DOCUMENTATION_COMMENTS = YES;
				CLANG_WARN_EMPTY_BODY = YES;
				CLANG_WARN_ENUM_CONVERSION = YES;
				CLANG_WARN_INFINITE_RECURSION = YES;
				CLANG_WARN_INT_CONVERSION = YES;
				CLANG_WARN_NON_LITERAL_NULL_CONVERSION = YES;
				CLANG_WARN_OBJC_IMPLICIT_RETAIN_SELF = YES;
				CLANG_WARN_OBJC_LITERAL_CONVERSION = YES;
				CLANG_WARN_OBJC_ROOT_CLASS = YES_ERROR;
				CLANG_WARN_RANGE_LOOP_ANALYSIS = YES;
				CLANG_WARN_STRICT_PROTOTYPES = YES;
				CLANG_WARN_SUSPICIOUS_MOVE = YES;
				CLANG_WARN_UNGUARDED_AVAILABILITY = YES_AGGRESSIVE;
				CLANG_WARN_UNREACHABLE_CODE = YES;
				CLANG_WARN__DUPLICATE_METHOD_MATCH = YES;
				CODE_SIGN_IDENTITY = "iPhone Developer";
				COPY_PHASE_STRIP = NO;
				DEBUG_INFORMATION_FORMAT = "dwarf-with-dsym";
				ENABLE_NS_ASSERTIONS = NO;
				ENABLE_STRICT_OBJC_MSGSEND = YES;
				GCC_C_LANGUAGE_STANDARD = gnu11;
				GCC_NO_COMMON_BLOCKS = YES;
				GCC_WARN_64_TO_32_BIT_CONVERSION = YES;
				GCC_WARN_ABOUT_RETURN_TYPE = YES_ERROR;
				GCC_WARN_UNDECLARED_SELECTOR = YES;
				GCC_WARN_UNINITIALIZED_AUTOS = YES_AGGRESSIVE;
				GCC_WARN_UNUSED_FUNCTION = YES;
				GCC_WARN_UNUSED_VARIABLE = YES;
				IPHONEOS_DEPLOYMENT_TARGET = 11.4;
				MTL_ENABLE_DEBUG_INFO = NO;
				SDKROOT = iphoneos;
				SWIFT_COMPILATION_MODE = wholemodule;
				SWIFT_OPTIMIZATION_LEVEL = "-O";
				VALIDATE_PRODUCT = YES;
			};
			name = Release;
		};
		0D2C57EC20CA232C00F78A5B /* Debug */ = {
			isa = XCBuildConfiguration;
			buildSettings = {
				ASSETCATALOG_COMPILER_APPICON_NAME = AppIcon;
				CODE_SIGN_STYLE = Automatic;
				DEVELOPMENT_TEAM = CK97CU8C88;
				FRAMEWORK_SEARCH_PATHS = (
					"$(inherited)",
					"$(PROJECT_DIR)/ArenaDemo/Framework",
					"$(PROJECT_DIR)API/ArenaDemoAPI/Framework",
				);
				INFOPLIST_FILE = ArenaDemo/Info.plist;
				IPHONEOS_DEPLOYMENT_TARGET = 9.0;
				LD_RUNPATH_SEARCH_PATHS = (
					"$(inherited)",
					"@executable_path/Frameworks",
				);
				PRODUCT_BUNDLE_IDENTIFIER = "Newstead-Technologies.ArenaDemo";
				PRODUCT_NAME = "$(TARGET_NAME)";
				SWIFT_VERSION = 4.0;
				TARGETED_DEVICE_FAMILY = "1,2";
			};
			name = Debug;
		};
		0D2C57ED20CA232C00F78A5B /* Release */ = {
			isa = XCBuildConfiguration;
			buildSettings = {
				ASSETCATALOG_COMPILER_APPICON_NAME = AppIcon;
				CODE_SIGN_STYLE = Automatic;
				DEVELOPMENT_TEAM = CK97CU8C88;
				FRAMEWORK_SEARCH_PATHS = (
					"$(inherited)",
					"$(PROJECT_DIR)/ArenaDemo/Framework",
					"$(PROJECT_DIR)API/ArenaDemoAPI/Framework",
				);
				INFOPLIST_FILE = ArenaDemo/Info.plist;
				IPHONEOS_DEPLOYMENT_TARGET = 9.0;
				LD_RUNPATH_SEARCH_PATHS = (
					"$(inherited)",
					"@executable_path/Frameworks",
				);
				PRODUCT_BUNDLE_IDENTIFIER = "Newstead-Technologies.ArenaDemo";
				PRODUCT_NAME = "$(TARGET_NAME)";
				SWIFT_VERSION = 4.0;
				TARGETED_DEVICE_FAMILY = "1,2";
			};
			name = Release;
		};
/* End XCBuildConfiguration section */

/* Begin XCConfigurationList section */
		0D2C57D420CA232B00F78A5B /* Build configuration list for PBXProject "ArenaDemo" */ = {
			isa = XCConfigurationList;
			buildConfigurations = (
				0D2C57E920CA232C00F78A5B /* Debug */,
				0D2C57EA20CA232C00F78A5B /* Release */,
			);
			defaultConfigurationIsVisible = 0;
			defaultConfigurationName = Release;
		};
		0D2C57EB20CA232C00F78A5B /* Build configuration list for PBXNativeTarget "ArenaDemo" */ = {
			isa = XCConfigurationList;
			buildConfigurations = (
				0D2C57EC20CA232C00F78A5B /* Debug */,
				0D2C57ED20CA232C00F78A5B /* Release */,
			);
			defaultConfigurationIsVisible = 0;
			defaultConfigurationName = Release;
		};
/* End XCConfigurationList section */
	};
	rootObject = 0D2C57D120CA232B00F78A5B /* Project object */;
}
